
Microsoft Visual Studio Solution File, Format Version 12.00
# Visual Studio Version 16
VisualStudioVersion = 16.0.30204.135
MinimumVisualStudioVersion = 10.0.40219.1
Project("{9A19103F-16F7-4668-BE54-9A1E7A4F7556}") = "ForkingVirtualMachine", "ForkingVirtualMachine\ForkingVirtualMachine.csproj", "{71981A41-FA6F-4D94-8ACA-41662C1E6CF5}"
EndProject
Project("{9A19103F-16F7-4668-BE54-9A1E7A4F7556}") = "ForkingVirtualMachine.Test", "ForkingVirtualMachine.Test\ForkingVirtualMachine.Test.csproj", "{BE7E9290-193D-4C0C-BF36-0ED59CDFC388}"
EndProject
Global
	GlobalSection(SolutionConfigurationPlatforms) = preSolution
		Debug|Any CPU = Debug|Any CPU
		Release|Any CPU = Release|Any CPU
	EndGlobalSection
	GlobalSection(ProjectConfigurationPlatforms) = postSolution
		{71981A41-FA6F-4D94-8ACA-41662C1E6CF5}.Debug|Any CPU.ActiveCfg = Debug|Any CPU
		{71981A41-FA6F-4D94-8ACA-41662C1E6CF5}.Debug|Any CPU.Build.0 = Debug|Any CPU
		{71981A41-FA6F-4D94-8ACA-41662C1E6CF5}.Release|Any CPU.ActiveCfg = Release|Any CPU
		{71981A41-FA6F-4D94-8ACA-41662C1E6CF5}.Release|Any CPU.Build.0 = Release|Any CPU
		{BE7E9290-193D-4C0C-BF36-0ED59CDFC388}.Debug|Any CPU.ActiveCfg = Debug|Any CPU
		{BE7E9290-193D-4C0C-BF36-0ED59CDFC388}.Debug|Any CPU.Build.0 = Debug|Any CPU
		{BE7E9290-193D-4C0C-BF36-0ED59CDFC388}.Release|Any CPU.ActiveCfg = Release|Any CPU
		{BE7E9290-193D-4C0C-BF36-0ED59CDFC388}.Release|Any CPU.Build.0 = Release|Any CPU
	EndGlobalSection
	GlobalSection(SolutionProperties) = preSolution
		HideSolutionNode = FALSE
	EndGlobalSection
	GlobalSection(ExtensibilityGlobals) = postSolution
		SolutionGuid = {54497C92-8096-42E9-8041-F92E15F86EE4}
	EndGlobalSection
EndGlobal
